
Microsoft Visual Studio Solution File, Format Version 12.00
# Visual Studio Version 16
VisualStudioVersion = 16.0.29709.97
MinimumVisualStudioVersion = 10.0.40219.1
Project("{9A19103F-16F7-4668-BE54-9A1E7A4F7556}") = "TableauWeb", "TableauWeb\TableauWeb.csproj", "{9AAF7AF3-8151-4C49-BF5D-3950BC256E1A}"
EndProject
Global
	GlobalSection(SolutionConfigurationPlatforms) = preSolution
		Debug|Any CPU = Debug|Any CPU
		Release|Any CPU = Release|Any CPU
	EndGlobalSection
	GlobalSection(ProjectConfigurationPlatforms) = postSolution
		{9AAF7AF3-8151-4C49-BF5D-3950BC256E1A}.Debug|Any CPU.ActiveCfg = Debug|Any CPU
		{9AAF7AF3-8151-4C49-BF5D-3950BC256E1A}.Debug|Any CPU.Build.0 = Debug|Any CPU
		{9AAF7AF3-8151-4C49-BF5D-3950BC256E1A}.Release|Any CPU.ActiveCfg = Release|Any CPU
		{9AAF7AF3-8151-4C49-BF5D-3950BC256E1A}.Release|Any CPU.Build.0 = Release|Any CPU
	EndGlobalSection
	GlobalSection(SolutionProperties) = preSolution
		HideSolutionNode = FALSE
	EndGlobalSection
	GlobalSection(ExtensibilityGlobals) = postSolution
		SolutionGuid = {1C65EFC8-87DD-47A9-9B43-A43FBF08C6C3}
	EndGlobalSection
EndGlobal
